
Microsoft Visual Studio Solution File, Format Version 12.00
# Visual Studio 2012
Project("{FAE04EC0-301F-11D3-BF4B-00C04F79EFBC}") = "CreditRatingSystem", "CreditRatingSystem\CreditRatingSystem.csproj", "{C4E5D304-791C-4C34-8464-1FAFF37AE790}"
EndProject
Project("{FAE04EC0-301F-11D3-BF4B-00C04F79EFBC}") = "CreditRatingModel", "CreditRatingModel\CreditRatingModel.csproj", "{5F0EF0E8-38F8-4A91-B4EB-F474DFDB5150}"
EndProject
Global
	GlobalSection(TeamFoundationVersionControl) = preSolution
		SccNumberOfProjects = 3
		SccEnterpriseProvider = {4CA58AB2-18FA-4F8D-95D4-32DDF27D184C}
		SccTeamFoundationServer = http://thesoftlbgroup:8080/tfs/defaultcollection
		SccLocalPath0 = .
		SccProjectUniqueName1 = CreditRatingModel\\CreditRatingModel.csproj
		SccProjectName1 = CreditRatingModel
		SccLocalPath1 = CreditRatingModel
		SccProjectUniqueName2 = CreditRatingSystem\\CreditRatingSystem.csproj
		SccProjectName2 = CreditRatingSystem
		SccLocalPath2 = CreditRatingSystem
	EndGlobalSection
	GlobalSection(SolutionConfigurationPlatforms) = preSolution
		Debug|Any CPU = Debug|Any CPU
		Release|Any CPU = Release|Any CPU
	EndGlobalSection
	GlobalSection(ProjectConfigurationPlatforms) = postSolution
		{C4E5D304-791C-4C34-8464-1FAFF37AE790}.Debug|Any CPU.ActiveCfg = Debug|Any CPU
		{C4E5D304-791C-4C34-8464-1FAFF37AE790}.Debug|Any CPU.Build.0 = Debug|Any CPU
		{C4E5D304-791C-4C34-8464-1FAFF37AE790}.Release|Any CPU.ActiveCfg = Release|Any CPU
		{C4E5D304-791C-4C34-8464-1FAFF37AE790}.Release|Any CPU.Build.0 = Release|Any CPU
		{5F0EF0E8-38F8-4A91-B4EB-F474DFDB5150}.Debug|Any CPU.ActiveCfg = Debug|Any CPU
		{5F0EF0E8-38F8-4A91-B4EB-F474DFDB5150}.Debug|Any CPU.Build.0 = Debug|Any CPU
		{5F0EF0E8-38F8-4A91-B4EB-F474DFDB5150}.Release|Any CPU.ActiveCfg = Release|Any CPU
		{5F0EF0E8-38F8-4A91-B4EB-F474DFDB5150}.Release|Any CPU.Build.0 = Release|Any CPU
	EndGlobalSection
	GlobalSection(SolutionProperties) = preSolution
		HideSolutionNode = FALSE
	EndGlobalSection
EndGlobal
